
Microsoft Visual Studio Solution File, Format Version 12.00
# Visual Studio Version 17
VisualStudioVersion = 17.2.32526.322
MinimumVisualStudioVersion = 10.0.40219.1
Project("{FAE04EC0-301F-11D3-BF4B-00C04F79EFBC}") = "CurrencyConverterCS", "CurrencyConverterCS\CurrencyConverterCS.csproj", "{BDABCA97-0138-46D8-93FC-474521112D2B}"
EndProject
Global
	GlobalSection(SolutionConfigurationPlatforms) = preSolution
		Debug|Any CPU = Debug|Any CPU
		Release|Any CPU = Release|Any CPU
	EndGlobalSection
	GlobalSection(ProjectConfigurationPlatforms) = postSolution
		{BDABCA97-0138-46D8-93FC-474521112D2B}.Debug|Any CPU.ActiveCfg = Debug|Any CPU
		{BDABCA97-0138-46D8-93FC-474521112D2B}.Debug|Any CPU.Build.0 = Debug|Any CPU
		{BDABCA97-0138-46D8-93FC-474521112D2B}.Release|Any CPU.ActiveCfg = Release|Any CPU
		{BDABCA97-0138-46D8-93FC-474521112D2B}.Release|Any CPU.Build.0 = Release|Any CPU
	EndGlobalSection
	GlobalSection(SolutionProperties) = preSolution
		HideSolutionNode = FALSE
	EndGlobalSection
	GlobalSection(ExtensibilityGlobals) = postSolution
		SolutionGuid = {477BC8B4-273A-4AA7-91A7-90DC0DE7FFC6}
	EndGlobalSection
EndGlobal
